
Microsoft Visual Studio Solution File, Format Version 12.00
# Visual Studio Version 17
VisualStudioVersion = 17.9.34902.65
MinimumVisualStudioVersion = 10.0.40219.1
Project("{FAE04EC0-301F-11D3-BF4B-00C04F79EFBC}") = "Actividad4LengProg3", "Actividad4LengProg3\Actividad4LengProg3.csproj", "{9774444C-EB1D-4E0F-A67E-120E347BAD81}"
EndProject
Global
	GlobalSection(SolutionConfigurationPlatforms) = preSolution
		Debug|Any CPU = Debug|Any CPU
		Release|Any CPU = Release|Any CPU
	EndGlobalSection
	GlobalSection(ProjectConfigurationPlatforms) = postSolution
		{9774444C-EB1D-4E0F-A67E-120E347BAD81}.Debug|Any CPU.ActiveCfg = Debug|Any CPU
		{9774444C-EB1D-4E0F-A67E-120E347BAD81}.Debug|Any CPU.Build.0 = Debug|Any CPU
		{9774444C-EB1D-4E0F-A67E-120E347BAD81}.Release|Any CPU.ActiveCfg = Release|Any CPU
		{9774444C-EB1D-4E0F-A67E-120E347BAD81}.Release|Any CPU.Build.0 = Release|Any CPU
	EndGlobalSection
	GlobalSection(SolutionProperties) = preSolution
		HideSolutionNode = FALSE
	EndGlobalSection
	GlobalSection(ExtensibilityGlobals) = postSolution
		SolutionGuid = {92D0E91F-3C5E-44BA-A14E-29E4DA95E132}
	EndGlobalSection
EndGlobal
